
Microsoft Visual Studio Solution File, Format Version 12.00
# Visual Studio Version 17
VisualStudioVersion = 17.7.34221.43
MinimumVisualStudioVersion = 10.0.40219.1
Project("{FAE04EC0-301F-11D3-BF4B-00C04F79EFBC}") = "Array", "Array\Array.csproj", "{27720B6A-4B0D-484C-9AD6-C347A0C3FD58}"
EndProject
Global
	GlobalSection(SolutionConfigurationPlatforms) = preSolution
		Debug|Any CPU = Debug|Any CPU
		Release|Any CPU = Release|Any CPU
	EndGlobalSection
	GlobalSection(ProjectConfigurationPlatforms) = postSolution
		{27720B6A-4B0D-484C-9AD6-C347A0C3FD58}.Debug|Any CPU.ActiveCfg = Debug|Any CPU
		{27720B6A-4B0D-484C-9AD6-C347A0C3FD58}.Debug|Any CPU.Build.0 = Debug|Any CPU
		{27720B6A-4B0D-484C-9AD6-C347A0C3FD58}.Release|Any CPU.ActiveCfg = Release|Any CPU
		{27720B6A-4B0D-484C-9AD6-C347A0C3FD58}.Release|Any CPU.Build.0 = Release|Any CPU
	EndGlobalSection
	GlobalSection(SolutionProperties) = preSolution
		HideSolutionNode = FALSE
	EndGlobalSection
	GlobalSection(ExtensibilityGlobals) = postSolution
		SolutionGuid = {1F38FB57-895D-4664-83A1-E249DBA33F73}
	EndGlobalSection
EndGlobal
